
Microsoft Visual Studio Solution File, Format Version 12.00
# Visual Studio Version 16
VisualStudioVersion = 16.0.28729.10
MinimumVisualStudioVersion = 10.0.40219.1
Project("{FAE04EC0-301F-11D3-BF4B-00C04F79EFBC}") = "Dataverse", "Dataverse\Dataverse.csproj", "{FB1332E9-7E25-4E2D-B0C6-288983FA6B25}"
EndProject
Global
	GlobalSection(SolutionConfigurationPlatforms) = preSolution
		Debug|Any CPU = Debug|Any CPU
		Release|Any CPU = Release|Any CPU
	EndGlobalSection
	GlobalSection(ProjectConfigurationPlatforms) = postSolution
		{FB1332E9-7E25-4E2D-B0C6-288983FA6B25}.Debug|Any CPU.ActiveCfg = Debug|Any CPU
		{FB1332E9-7E25-4E2D-B0C6-288983FA6B25}.Debug|Any CPU.Build.0 = Debug|Any CPU
		{FB1332E9-7E25-4E2D-B0C6-288983FA6B25}.Release|Any CPU.ActiveCfg = Release|Any CPU
		{FB1332E9-7E25-4E2D-B0C6-288983FA6B25}.Release|Any CPU.Build.0 = Release|Any CPU
	EndGlobalSection
	GlobalSection(SolutionProperties) = preSolution
		HideSolutionNode = FALSE
	EndGlobalSection
	GlobalSection(ExtensibilityGlobals) = postSolution
		SolutionGuid = {45991FBA-E6B2-481E-856F-04034FDC68C6}
	EndGlobalSection
EndGlobal
